
Microsoft Visual Studio Solution File, Format Version 12.00
# Visual Studio Version 16
VisualStudioVersion = 16.0.31205.134
MinimumVisualStudioVersion = 10.0.40219.1
Project("{FAE04EC0-301F-11D3-BF4B-00C04F79EFBC}") = "CollegeApplicationReact", "CollegeApplicationReact.csproj", "{2EC1F8B7-E1E6-47E6-8C4E-5189642B877A}"
EndProject
Global
	GlobalSection(SolutionConfigurationPlatforms) = preSolution
		Debug|Any CPU = Debug|Any CPU
		Release|Any CPU = Release|Any CPU
	EndGlobalSection
	GlobalSection(ProjectConfigurationPlatforms) = postSolution
		{2EC1F8B7-E1E6-47E6-8C4E-5189642B877A}.Debug|Any CPU.ActiveCfg = Debug|Any CPU
		{2EC1F8B7-E1E6-47E6-8C4E-5189642B877A}.Debug|Any CPU.Build.0 = Debug|Any CPU
		{2EC1F8B7-E1E6-47E6-8C4E-5189642B877A}.Release|Any CPU.ActiveCfg = Release|Any CPU
		{2EC1F8B7-E1E6-47E6-8C4E-5189642B877A}.Release|Any CPU.Build.0 = Release|Any CPU
	EndGlobalSection
	GlobalSection(SolutionProperties) = preSolution
		HideSolutionNode = FALSE
	EndGlobalSection
	GlobalSection(ExtensibilityGlobals) = postSolution
		SolutionGuid = {9BC1861C-4931-4ACF-A4FF-59B525AC257C}
	EndGlobalSection
EndGlobal
